<?xml version="1.0" encoding="utf-8"?>
<Project ToolsVersion="4.0" xmlns="http://schemas.microsoft.com/developer/msbuild/2003">
  <ItemGroup>
    <Filter Include="Haanju Library">
      <UniqueIdentifier>{4677b236-3680-4801-a0e2-681bfe578df2}</UniqueIdentifier>
    </Filter>
    <Filter Include="Haanju Library\Hungarian Method">
      <UniqueIdentifier>{b53badd0-dbb6-4fa1-a99e-ba80a84eec59}</UniqueIdentifier>
    </Filter>
    <Filter Include="Evaluation">
      <UniqueIdentifier>{2d535c69-efbb-4352-bd4f-9b61ebb79f1e}</UniqueIdentifier>
    </Filter>
  </ItemGroup>
  <ItemGroup>
    <ClInclude Include="HungarianMethod.h">
      <Filter>Haanju Library\Hungarian Method</Filter>
    </ClInclude>
    <ClInclude Include="DepthMTTracker.h" />
    <ClInclude Include="Evaluator.h">
      <Filter>Evaluation</Filter>
    </ClInclude>
    <ClInclude Include="haanju_utils.hpp">
      <Filter>Haanju Library</Filter>
    </ClInclude>
  </ItemGroup>
  <ItemGroup>
    <ClCompile Include="HungarianMethod.cpp">
      <Filter>Haanju Library\Hungarian Method</Filter>
    </ClCompile>
    <ClCompile Include="main.cpp" />
    <ClCompile Include="DepthMTTracker.cpp" />
    <ClCompile Include="Evaluator.cpp">
      <Filter>Evaluation</Filter>
    </ClCompile>
    <ClCompile Include="haanju_utils.cpp">
      <Filter>Haanju Library</Filter>
    </ClCompile>
  </ItemGroup>
</Project>